
Microsoft Visual Studio Solution File, Format Version 12.00
# Visual Studio Version 17
VisualStudioVersion = 17.6.33717.318
MinimumVisualStudioVersion = 10.0.40219.1
Project("{FAE04EC0-301F-11D3-BF4B-00C04F79EFBC}") = "ExcelProject", "ExcelProject\ExcelProject.csproj", "{F5C909C6-FD3B-482E-BB60-0DD6D4851A06}"
EndProject
Global
	GlobalSection(SolutionConfigurationPlatforms) = preSolution
		Debug|Any CPU = Debug|Any CPU
		Release|Any CPU = Release|Any CPU
	EndGlobalSection
	GlobalSection(ProjectConfigurationPlatforms) = postSolution
		{F5C909C6-FD3B-482E-BB60-0DD6D4851A06}.Debug|Any CPU.ActiveCfg = Debug|Any CPU
		{F5C909C6-FD3B-482E-BB60-0DD6D4851A06}.Debug|Any CPU.Build.0 = Debug|Any CPU
		{F5C909C6-FD3B-482E-BB60-0DD6D4851A06}.Release|Any CPU.ActiveCfg = Release|Any CPU
		{F5C909C6-FD3B-482E-BB60-0DD6D4851A06}.Release|Any CPU.Build.0 = Release|Any CPU
	EndGlobalSection
	GlobalSection(SolutionProperties) = preSolution
		HideSolutionNode = FALSE
	EndGlobalSection
	GlobalSection(ExtensibilityGlobals) = postSolution
		SolutionGuid = {5E1B9EB9-8D0B-427F-86C4-6B7B4943016E}
	EndGlobalSection
EndGlobal
